// !$*UTF8*$!
{
	archiveVersion = 1;
	classes = {
	};
	objectVersion = 50;
	objects = {

/* Begin PBXBuildFile section */
		A237695426BF864B0080D412 /* RemoteImage.swift in Sources */ = {isa = PBXBuildFile; fileRef = A237695326BF864B0080D412 /* RemoteImage.swift */; };
		A27E687126BD6DF50045AD1D /* SpotifySearchApp.swift in Sources */ = {isa = PBXBuildFile; fileRef = A27E687026BD6DF50045AD1D /* SpotifySearchApp.swift */; };
		A27E687526BD6DF90045AD1D /* Assets.xcassets in Resources */ = {isa = PBXBuildFile; fileRef = A27E687426BD6DF90045AD1D /* Assets.xcassets */; };
		A27E687826BD6DF90045AD1D /* Preview Assets.xcassets in Resources */ = {isa = PBXBuildFile; fileRef = A27E687726BD6DF90045AD1D /* Preview Assets.xcassets */; };
		A27E688326BD6DFA0045AD1D /* SpotifySearchTests.swift in Sources */ = {isa = PBXBuildFile; fileRef = A27E688226BD6DFA0045AD1D /* SpotifySearchTests.swift */; };
		A27E688E26BD6DFA0045AD1D /* SpotifySearchUITests.swift in Sources */ = {isa = PBXBuildFile; fileRef = A27E688D26BD6DFA0045AD1D /* SpotifySearchUITests.swift */; };
		A27E689D26BD6E3C0045AD1D /* Constants.swift in Sources */ = {isa = PBXBuildFile; fileRef = A27E689C26BD6E3C0045AD1D /* Constants.swift */; };
		A27E689F26BD6E470045AD1D /* LoginViewModel.swift in Sources */ = {isa = PBXBuildFile; fileRef = A27E689E26BD6E470045AD1D /* LoginViewModel.swift */; };
		A27E68A126BD6E5B0045AD1D /* LoginView.swift in Sources */ = {isa = PBXBuildFile; fileRef = A27E68A026BD6E5B0045AD1D /* LoginView.swift */; };
		A27E68A326BD6E8A0045AD1D /* ContentView.swift in Sources */ = {isa = PBXBuildFile; fileRef = A27E68A226BD6E8A0045AD1D /* ContentView.swift */; };
		A27E68A526BD6EA80045AD1D /* SpotifyiOS.framework in Frameworks */ = {isa = PBXBuildFile; fileRef = A27E68A426BD6EA80045AD1D /* SpotifyiOS.framework */; };
		A296E35A26BFA5EC00ACAA07 /* ArtistRowItem.swift in Sources */ = {isa = PBXBuildFile; fileRef = A296E35926BFA5EC00ACAA07 /* ArtistRowItem.swift */; };
		A296E35C26BFAC6900ACAA07 /* String+Extentions.swift in Sources */ = {isa = PBXBuildFile; fileRef = A296E35B26BFAC6900ACAA07 /* String+Extentions.swift */; };
		A296E35E26BFAC9500ACAA07 /* Dictionary+Extentions.swift in Sources */ = {isa = PBXBuildFile; fileRef = A296E35D26BFAC9500ACAA07 /* Dictionary+Extentions.swift */; };
		A296E36126BFACEA00ACAA07 /* Artists.swift in Sources */ = {isa = PBXBuildFile; fileRef = A296E36026BFACEA00ACAA07 /* Artists.swift */; };
		A296E36326BFAD0500ACAA07 /* Artist.swift in Sources */ = {isa = PBXBuildFile; fileRef = A296E36226BFAD0500ACAA07 /* Artist.swift */; };
		A296E36526BFAD1900ACAA07 /* Item.swift in Sources */ = {isa = PBXBuildFile; fileRef = A296E36426BFAD1900ACAA07 /* Item.swift */; };
		A296E36726BFAD3400ACAA07 /* ImageUrl.swift in Sources */ = {isa = PBXBuildFile; fileRef = A296E36626BFAD3400ACAA07 /* ImageUrl.swift */; };
		A296E36A26BFBED600ACAA07 /* Color+Extensions.swift in Sources */ = {isa = PBXBuildFile; fileRef = A296E36926BFBED600ACAA07 /* Color+Extensions.swift */; };
		A296E37026C0DA5300ACAA07 /* TokenManager.swift in Sources */ = {isa = PBXBuildFile; fileRef = A296E36F26C0DA5300ACAA07 /* TokenManager.swift */; };
		A2F67BE426BD844F00807530 /* SearchView.swift in Sources */ = {isa = PBXBuildFile; fileRef = A2F67BE326BD844F00807530 /* SearchView.swift */; };
		A2F67BE626BD851F00807530 /* SearchBar.swift in Sources */ = {isa = PBXBuildFile; fileRef = A2F67BE526BD851F00807530 /* SearchBar.swift */; };
		A2F67BE826BD85A400807530 /* SearchViewModel.swift in Sources */ = {isa = PBXBuildFile; fileRef = A2F67BE726BD85A400807530 /* SearchViewModel.swift */; };
		A2F67BEA26BF7A4400807530 /* ArtistView.swift in Sources */ = {isa = PBXBuildFile; fileRef = A2F67BE926BF7A4400807530 /* ArtistView.swift */; };
		A2F67BEF26BF7DDC00807530 /* ImageViewModel.swift in Sources */ = {isa = PBXBuildFile; fileRef = A2F67BEE26BF7DDC00807530 /* ImageViewModel.swift */; };
/* End PBXBuildFile section */

/* Begin PBXContainerItemProxy section */
		A27E687F26BD6DFA0045AD1D /* PBXContainerItemProxy */ = {
			isa = PBXContainerItemProxy;
			containerPortal = A27E686526BD6DF50045AD1D /* Project object */;
			proxyType = 1;
			remoteGlobalIDString = A27E686C26BD6DF50045AD1D;
			remoteInfo = SpotifySearch;
		};
		A27E688A26BD6DFA0045AD1D /* PBXContainerItemProxy */ = {
			isa = PBXContainerItemProxy;
			containerPortal = A27E686526BD6DF50045AD1D /* Project object */;
			proxyType = 1;
			remoteGlobalIDString = A27E686C26BD6DF50045AD1D;
			remoteInfo = SpotifySearch;
		};
/* End PBXContainerItemProxy section */

/* Begin PBXFileReference section */
		A237695326BF864B0080D412 /* RemoteImage.swift */ = {isa = PBXFileReference; lastKnownFileType = sourcecode.swift; path = RemoteImage.swift; sourceTree = "<group>"; };
		A27E686D26BD6DF50045AD1D /* SpotifySearch.app */ = {isa = PBXFileReference; explicitFileType = wrapper.application; includeInIndex = 0; path = SpotifySearch.app; sourceTree = BUILT_PRODUCTS_DIR; };
		A27E687026BD6DF50045AD1D /* SpotifySearchApp.swift */ = {isa = PBXFileReference; lastKnownFileType = sourcecode.swift; path = SpotifySearchApp.swift; sourceTree = "<group>"; };
		A27E687426BD6DF90045AD1D /* Assets.xcassets */ = {isa = PBXFileReference; lastKnownFileType = folder.assetcatalog; path = Assets.xcassets; sourceTree = "<group>"; };
		A27E687726BD6DF90045AD1D /* Preview Assets.xcassets */ = {isa = PBXFileReference; lastKnownFileType = folder.assetcatalog; path = "Preview Assets.xcassets"; sourceTree = "<group>"; };
		A27E687926BD6DF90045AD1D /* Info.plist */ = {isa = PBXFileReference; lastKnownFileType = text.plist.xml; path = Info.plist; sourceTree = "<group>"; };
		A27E687E26BD6DFA0045AD1D /* SpotifySearchTests.xctest */ = {isa = PBXFileReference; explicitFileType = wrapper.cfbundle; includeInIndex = 0; path = SpotifySearchTests.xctest; sourceTree = BUILT_PRODUCTS_DIR; };
		A27E688226BD6DFA0045AD1D /* SpotifySearchTests.swift */ = {isa = PBXFileReference; lastKnownFileType = sourcecode.swift; path = SpotifySearchTests.swift; sourceTree = "<group>"; };
		A27E688426BD6DFA0045AD1D /* Info.plist */ = {isa = PBXFileReference; lastKnownFileType = text.plist.xml; path = Info.plist; sourceTree = "<group>"; };
		A27E688926BD6DFA0045AD1D /* SpotifySearchUITests.xctest */ = {isa = PBXFileReference; explicitFileType = wrapper.cfbundle; includeInIndex = 0; path = SpotifySearchUITests.xctest; sourceTree = BUILT_PRODUCTS_DIR; };
		A27E688D26BD6DFA0045AD1D /* SpotifySearchUITests.swift */ = {isa = PBXFileReference; lastKnownFileType = sourcecode.swift; path = SpotifySearchUITests.swift; sourceTree = "<group>"; };
		A27E688F26BD6DFA0045AD1D /* Info.plist */ = {isa = PBXFileReference; lastKnownFileType = text.plist.xml; path = Info.plist; sourceTree = "<group>"; };
		A27E689B26BD6E2E0045AD1D /* SpotifySearch-Bridging-Header.h */ = {isa = PBXFileReference; lastKnownFileType = sourcecode.c.h; path = "SpotifySearch-Bridging-Header.h"; sourceTree = "<group>"; };
		A27E689C26BD6E3C0045AD1D /* Constants.swift */ = {isa = PBXFileReference; fileEncoding = 4; lastKnownFileType = sourcecode.swift; path = Constants.swift; sourceTree = "<group>"; };
		A27E689E26BD6E470045AD1D /* LoginViewModel.swift */ = {isa = PBXFileReference; fileEncoding = 4; lastKnownFileType = sourcecode.swift; path = LoginViewModel.swift; sourceTree = "<group>"; };
		A27E68A026BD6E5B0045AD1D /* LoginView.swift */ = {isa = PBXFileReference; fileEncoding = 4; lastKnownFileType = sourcecode.swift; path = LoginView.swift; sourceTree = "<group>"; };
		A27E68A226BD6E8A0045AD1D /* ContentView.swift */ = {isa = PBXFileReference; fileEncoding = 4; lastKnownFileType = sourcecode.swift; path = ContentView.swift; sourceTree = "<group>"; };
		A27E68A426BD6EA80045AD1D /* SpotifyiOS.framework */ = {isa = PBXFileReference; lastKnownFileType = wrapper.framework; path = SpotifyiOS.framework; sourceTree = "<group>"; };
		A296E35926BFA5EC00ACAA07 /* ArtistRowItem.swift */ = {isa = PBXFileReference; lastKnownFileType = sourcecode.swift; path = ArtistRowItem.swift; sourceTree = "<group>"; };
		A296E35B26BFAC6900ACAA07 /* String+Extentions.swift */ = {isa = PBXFileReference; lastKnownFileType = sourcecode.swift; path = "String+Extentions.swift"; sourceTree = "<group>"; };
		A296E35D26BFAC9500ACAA07 /* Dictionary+Extentions.swift */ = {isa = PBXFileReference; lastKnownFileType = sourcecode.swift; path = "Dictionary+Extentions.swift"; sourceTree = "<group>"; };
		A296E36026BFACEA00ACAA07 /* Artists.swift */ = {isa = PBXFileReference; lastKnownFileType = sourcecode.swift; path = Artists.swift; sourceTree = "<group>"; };
		A296E36226BFAD0500ACAA07 /* Artist.swift */ = {isa = PBXFileReference; lastKnownFileType = sourcecode.swift; path = Artist.swift; sourceTree = "<group>"; };
		A296E36426BFAD1900ACAA07 /* Item.swift */ = {isa = PBXFileReference; lastKnownFileType = sourcecode.swift; path = Item.swift; sourceTree = "<group>"; };
		A296E36626BFAD3400ACAA07 /* ImageUrl.swift */ = {isa = PBXFileReference; lastKnownFileType = sourcecode.swift; path = ImageUrl.swift; sourceTree = "<group>"; };
		A296E36926BFBED600ACAA07 /* Color+Extensions.swift */ = {isa = PBXFileReference; lastKnownFileType = sourcecode.swift; path = "Color+Extensions.swift"; sourceTree = "<group>"; };
		A296E36F26C0DA5300ACAA07 /* TokenManager.swift */ = {isa = PBXFileReference; lastKnownFileType = sourcecode.swift; path = TokenManager.swift; sourceTree = "<group>"; };
		A2F67BE326BD844F00807530 /* SearchView.swift */ = {isa = PBXFileReference; lastKnownFileType = sourcecode.swift; path = SearchView.swift; sourceTree = "<group>"; };
		A2F67BE526BD851F00807530 /* SearchBar.swift */ = {isa = PBXFileReference; lastKnownFileType = sourcecode.swift; path = SearchBar.swift; sourceTree = "<group>"; };
		A2F67BE726BD85A400807530 /* SearchViewModel.swift */ = {isa = PBXFileReference; lastKnownFileType = sourcecode.swift; path = SearchViewModel.swift; sourceTree = "<group>"; };
		A2F67BE926BF7A4400807530 /* ArtistView.swift */ = {isa = PBXFileReference; lastKnownFileType = sourcecode.swift; path = ArtistView.swift; sourceTree = "<group>"; };
		A2F67BEE26BF7DDC00807530 /* ImageViewModel.swift */ = {isa = PBXFileReference; lastKnownFileType = sourcecode.swift; path = ImageViewModel.swift; sourceTree = "<group>"; };
/* End PBXFileReference section */

/* Begin PBXFrameworksBuildPhase section */
		A27E686A26BD6DF50045AD1D /* Frameworks */ = {
			isa = PBXFrameworksBuildPhase;
			buildActionMask = 2147483647;
			files = (
				A27E68A526BD6EA80045AD1D /* SpotifyiOS.framework in Frameworks */,
			);
			runOnlyForDeploymentPostprocessing = 0;
		};
		A27E687B26BD6DFA0045AD1D /* Frameworks */ = {
			isa = PBXFrameworksBuildPhase;
			buildActionMask = 2147483647;
			files = (
			);
			runOnlyForDeploymentPostprocessing = 0;
		};
		A27E688626BD6DFA0045AD1D /* Frameworks */ = {
			isa = PBXFrameworksBuildPhase;
			buildActionMask = 2147483647;
			files = (
			);
			runOnlyForDeploymentPostprocessing = 0;
		};
/* End PBXFrameworksBuildPhase section */

/* Begin PBXGroup section */
		A27E686426BD6DF50045AD1D = {
			isa = PBXGroup;
			children = (
				A27E686F26BD6DF50045AD1D /* SpotifySearch */,
				A27E688126BD6DFA0045AD1D /* SpotifySearchTests */,
				A27E688C26BD6DFA0045AD1D /* SpotifySearchUITests */,
				A27E686E26BD6DF50045AD1D /* Products */,
			);
			sourceTree = "<group>";
		};
		A27E686E26BD6DF50045AD1D /* Products */ = {
			isa = PBXGroup;
			children = (
				A27E686D26BD6DF50045AD1D /* SpotifySearch.app */,
				A27E687E26BD6DFA0045AD1D /* SpotifySearchTests.xctest */,
				A27E688926BD6DFA0045AD1D /* SpotifySearchUITests.xctest */,
			);
			name = Products;
			sourceTree = "<group>";
		};
		A27E686F26BD6DF50045AD1D /* SpotifySearch */ = {
			isa = PBXGroup;
			children = (
				A27E68A426BD6EA80045AD1D /* SpotifyiOS.framework */,
				A27E689B26BD6E2E0045AD1D /* SpotifySearch-Bridging-Header.h */,
				A296E36826BFAD5D00ACAA07 /* Models */,
				A296E35F26BFACCD00ACAA07 /* Extentions */,
				A2F67BEB26BF7B7E00807530 /* Utilities */,
				A2F67BEC26BF7BBF00807530 /* ViewModels */,
				A2F67BED26BF7BCF00807530 /* Views */,
				A27E687426BD6DF90045AD1D /* Assets.xcassets */,
				A27E687926BD6DF90045AD1D /* Info.plist */,
				A27E687626BD6DF90045AD1D /* Preview Content */,
			);
			path = SpotifySearch;
			sourceTree = "<group>";
		};
		A27E687626BD6DF90045AD1D /* Preview Content */ = {
			isa = PBXGroup;
			children = (
				A27E687726BD6DF90045AD1D /* Preview Assets.xcassets */,
			);
			path = "Preview Content";
			sourceTree = "<group>";
		};
		A27E688126BD6DFA0045AD1D /* SpotifySearchTests */ = {
			isa = PBXGroup;
			children = (
				A27E688226BD6DFA0045AD1D /* SpotifySearchTests.swift */,
				A27E688426BD6DFA0045AD1D /* Info.plist */,
			);
			path = SpotifySearchTests;
			sourceTree = "<group>";
		};
		A27E688C26BD6DFA0045AD1D /* SpotifySearchUITests */ = {
			isa = PBXGroup;
			children = (
				A27E688D26BD6DFA0045AD1D /* SpotifySearchUITests.swift */,
				A27E688F26BD6DFA0045AD1D /* Info.plist */,
			);
			path = SpotifySearchUITests;
			sourceTree = "<group>";
		};
		A296E35F26BFACCD00ACAA07 /* Extentions */ = {
			isa = PBXGroup;
			children = (
				A296E35B26BFAC6900ACAA07 /* String+Extentions.swift */,
				A296E35D26BFAC9500ACAA07 /* Dictionary+Extentions.swift */,
				A296E36926BFBED600ACAA07 /* Color+Extensions.swift */,
			);
			path = Extentions;
			sourceTree = "<group>";
		};
		A296E36826BFAD5D00ACAA07 /* Models */ = {
			isa = PBXGroup;
			children = (
				A296E36026BFACEA00ACAA07 /* Artists.swift */,
				A296E36226BFAD0500ACAA07 /* Artist.swift */,
				A296E36426BFAD1900ACAA07 /* Item.swift */,
				A296E36626BFAD3400ACAA07 /* ImageUrl.swift */,
			);
			path = Models;
			sourceTree = "<group>";
		};
		A2F67BEB26BF7B7E00807530 /* Utilities */ = {
			isa = PBXGroup;
			children = (
				A27E689C26BD6E3C0045AD1D /* Constants.swift */,
				A296E36F26C0DA5300ACAA07 /* TokenManager.swift */,
			);
			path = Utilities;
			sourceTree = "<group>";
		};
		A2F67BEC26BF7BBF00807530 /* ViewModels */ = {
			isa = PBXGroup;
			children = (
				A27E689E26BD6E470045AD1D /* LoginViewModel.swift */,
				A2F67BE726BD85A400807530 /* SearchViewModel.swift */,
				A2F67BEE26BF7DDC00807530 /* ImageViewModel.swift */,
			);
			path = ViewModels;
			sourceTree = "<group>";
		};
		A2F67BED26BF7BCF00807530 /* Views */ = {
			isa = PBXGroup;
			children = (
				A27E687026BD6DF50045AD1D /* SpotifySearchApp.swift */,
				A27E68A226BD6E8A0045AD1D /* ContentView.swift */,
				A27E68A026BD6E5B0045AD1D /* LoginView.swift */,
				A2F67BE326BD844F00807530 /* SearchView.swift */,
				A2F67BE926BF7A4400807530 /* ArtistView.swift */,
				A296E35926BFA5EC00ACAA07 /* ArtistRowItem.swift */,
				A237695326BF864B0080D412 /* RemoteImage.swift */,
				A2F67BE526BD851F00807530 /* SearchBar.swift */,
			);
			path = Views;
			sourceTree = "<group>";
		};
/* End PBXGroup section */

/* Begin PBXNativeTarget section */
		A27E686C26BD6DF50045AD1D /* SpotifySearch */ = {
			isa = PBXNativeTarget;
			buildConfigurationList = A27E689226BD6DFA0045AD1D /* Build configuration list for PBXNativeTarget "SpotifySearch" */;
			buildPhases = (
				A27E686926BD6DF50045AD1D /* Sources */,
				A27E686A26BD6DF50045AD1D /* Frameworks */,
				A27E686B26BD6DF50045AD1D /* Resources */,
			);
			buildRules = (
			);
			dependencies = (
			);
			name = SpotifySearch;
			productName = SpotifySearch;
			productReference = A27E686D26BD6DF50045AD1D /* SpotifySearch.app */;
			productType = "com.apple.product-type.application";
		};
		A27E687D26BD6DFA0045AD1D /* SpotifySearchTests */ = {
			isa = PBXNativeTarget;
			buildConfigurationList = A27E689526BD6DFA0045AD1D /* Build configuration list for PBXNativeTarget "SpotifySearchTests" */;
			buildPhases = (
				A27E687A26BD6DFA0045AD1D /* Sources */,
				A27E687B26BD6DFA0045AD1D /* Frameworks */,
				A27E687C26BD6DFA0045AD1D /* Resources */,
			);
			buildRules = (
			);
			dependencies = (
				A27E688026BD6DFA0045AD1D /* PBXTargetDependency */,
			);
			name = SpotifySearchTests;
			productName = SpotifySearchTests;
			productReference = A27E687E26BD6DFA0045AD1D /* SpotifySearchTests.xctest */;
			productType = "com.apple.product-type.bundle.unit-test";
		};
		A27E688826BD6DFA0045AD1D /* SpotifySearchUITests */ = {
			isa = PBXNativeTarget;
			buildConfigurationList = A27E689826BD6DFA0045AD1D /* Build configuration list for PBXNativeTarget "SpotifySearchUITests" */;
			buildPhases = (
				A27E688526BD6DFA0045AD1D /* Sources */,
				A27E688626BD6DFA0045AD1D /* Frameworks */,
				A27E688726BD6DFA0045AD1D /* Resources */,
			);
			buildRules = (
			);
			dependencies = (
				A27E688B26BD6DFA0045AD1D /* PBXTargetDependency */,
			);
			name = SpotifySearchUITests;
			productName = SpotifySearchUITests;
			productReference = A27E688926BD6DFA0045AD1D /* SpotifySearchUITests.xctest */;
			productType = "com.apple.product-type.bundle.ui-testing";
		};
/* End PBXNativeTarget section */

/* Begin PBXProject section */
		A27E686526BD6DF50045AD1D /* Project object */ = {
			isa = PBXProject;
			attributes = {
				LastSwiftUpdateCheck = 1250;
				LastUpgradeCheck = 1250;
				TargetAttributes = {
					A27E686C26BD6DF50045AD1D = {
						CreatedOnToolsVersion = 12.5;
					};
					A27E687D26BD6DFA0045AD1D = {
						CreatedOnToolsVersion = 12.5;
						TestTargetID = A27E686C26BD6DF50045AD1D;
					};
					A27E688826BD6DFA0045AD1D = {
						CreatedOnToolsVersion = 12.5;
						TestTargetID = A27E686C26BD6DF50045AD1D;
					};
				};
			};
			buildConfigurationList = A27E686826BD6DF50045AD1D /* Build configuration list for PBXProject "SpotifySearch" */;
			compatibilityVersion = "Xcode 9.3";
			developmentRegion = en;
			hasScannedForEncodings = 0;
			knownRegions = (
				en,
				Base,
			);
			mainGroup = A27E686426BD6DF50045AD1D;
			productRefGroup = A27E686E26BD6DF50045AD1D /* Products */;
			projectDirPath = "";
			projectRoot = "";
			targets = (
				A27E686C26BD6DF50045AD1D /* SpotifySearch */,
				A27E687D26BD6DFA0045AD1D /* SpotifySearchTests */,
				A27E688826BD6DFA0045AD1D /* SpotifySearchUITests */,
			);
		};
/* End PBXProject section */

/* Begin PBXResourcesBuildPhase section */
		A27E686B26BD6DF50045AD1D /* Resources */ = {
			isa = PBXResourcesBuildPhase;
			buildActionMask = 2147483647;
			files = (
				A27E687826BD6DF90045AD1D /* Preview Assets.xcassets in Resources */,
				A27E687526BD6DF90045AD1D /* Assets.xcassets in Resources */,
			);
			runOnlyForDeploymentPostprocessing = 0;
		};
		A27E687C26BD6DFA0045AD1D /* Resources */ = {
			isa = PBXResourcesBuildPhase;
			buildActionMask = 2147483647;
			files = (
			);
			runOnlyForDeploymentPostprocessing = 0;
		};
		A27E688726BD6DFA0045AD1D /* Resources */ = {
			isa = PBXResourcesBuildPhase;
			buildActionMask = 2147483647;
			files = (
			);
			runOnlyForDeploymentPostprocessing = 0;
		};
/* End PBXResourcesBuildPhase section */

/* Begin PBXSourcesBuildPhase section */
		A27E686926BD6DF50045AD1D /* Sources */ = {
			isa = PBXSourcesBuildPhase;
			buildActionMask = 2147483647;
			files = (
				A2F67BE626BD851F00807530 /* SearchBar.swift in Sources */,
				A27E689F26BD6E470045AD1D /* LoginViewModel.swift in Sources */,
				A296E36526BFAD1900ACAA07 /* Item.swift in Sources */,
				A296E36126BFACEA00ACAA07 /* Artists.swift in Sources */,
				A296E35E26BFAC9500ACAA07 /* Dictionary+Extentions.swift in Sources */,
				A2F67BE826BD85A400807530 /* SearchViewModel.swift in Sources */,
				A27E68A326BD6E8A0045AD1D /* ContentView.swift in Sources */,
				A296E35C26BFAC6900ACAA07 /* String+Extentions.swift in Sources */,
				A237695426BF864B0080D412 /* RemoteImage.swift in Sources */,
				A27E687126BD6DF50045AD1D /* SpotifySearchApp.swift in Sources */,
				A296E36A26BFBED600ACAA07 /* Color+Extensions.swift in Sources */,
				A2F67BEF26BF7DDC00807530 /* ImageViewModel.swift in Sources */,
				A296E37026C0DA5300ACAA07 /* TokenManager.swift in Sources */,
				A27E68A126BD6E5B0045AD1D /* LoginView.swift in Sources */,
				A296E35A26BFA5EC00ACAA07 /* ArtistRowItem.swift in Sources */,
				A2F67BE426BD844F00807530 /* SearchView.swift in Sources */,
				A27E689D26BD6E3C0045AD1D /* Constants.swift in Sources */,
				A296E36726BFAD3400ACAA07 /* ImageUrl.swift in Sources */,
				A296E36326BFAD0500ACAA07 /* Artist.swift in Sources */,
				A2F67BEA26BF7A4400807530 /* ArtistView.swift in Sources */,
			);
			runOnlyForDeploymentPostprocessing = 0;
		};
		A27E687A26BD6DFA0045AD1D /* Sources */ = {
			isa = PBXSourcesBuildPhase;
			buildActionMask = 2147483647;
			files = (
				A27E688326BD6DFA0045AD1D /* SpotifySearchTests.swift in Sources */,
			);
			runOnlyForDeploymentPostprocessing = 0;
		};
		A27E688526BD6DFA0045AD1D /* Sources */ = {
			isa = PBXSourcesBuildPhase;
			buildActionMask = 2147483647;
			files = (
				A27E688E26BD6DFA0045AD1D /* SpotifySearchUITests.swift in Sources */,
			);
			runOnlyForDeploymentPostprocessing = 0;
		};
/* End PBXSourcesBuildPhase section */

/* Begin PBXTargetDependency section */
		A27E688026BD6DFA0045AD1D /* PBXTargetDependency */ = {
			isa = PBXTargetDependency;
			target = A27E686C26BD6DF50045AD1D /* SpotifySearch */;
			targetProxy = A27E687F26BD6DFA0045AD1D /* PBXContainerItemProxy */;
		};
		A27E688B26BD6DFA0045AD1D /* PBXTargetDependency */ = {
			isa = PBXTargetDependency;
			target = A27E686C26BD6DF50045AD1D /* SpotifySearch */;
			targetProxy = A27E688A26BD6DFA0045AD1D /* PBXContainerItemProxy */;
		};
/* End PBXTargetDependency section */

/* Begin XCBuildConfiguration section */
		A27E689026BD6DFA0045AD1D /* Debug */ = {
			isa = XCBuildConfiguration;
			buildSettings = {
				ALWAYS_SEARCH_USER_PATHS = NO;
				CLANG_ANALYZER_NONNULL = YES;
				CLANG_ANALYZER_NUMBER_OBJECT_CONVERSION = YES_AGGRESSIVE;
				CLANG_CXX_LANGUAGE_STANDARD = "gnu++14";
				CLANG_CXX_LIBRARY = "libc++";
				CLANG_ENABLE_MODULES = YES;
				CLANG_ENABLE_OBJC_ARC = YES;
				CLANG_ENABLE_OBJC_WEAK = YES;
				CLANG_WARN_BLOCK_CAPTURE_AUTORELEASING = YES;
				CLANG_WARN_BOOL_CONVERSION = YES;
				CLANG_WARN_COMMA = YES;
				CLANG_WARN_CONSTANT_CONVERSION = YES;
				CLANG_WARN_DEPRECATED_OBJC_IMPLEMENTATIONS = YES;
				CLANG_WARN_DIRECT_OBJC_ISA_USAGE = YES_ERROR;
				CLANG_WARN_DOCUMENTATION_COMMENTS = YES;
				CLANG_WARN_EMPTY_BODY = YES;
				CLANG_WARN_ENUM_CONVERSION = YES;
				CLANG_WARN_INFINITE_RECURSION = YES;
				CLANG_WARN_INT_CONVERSION = YES;
				CLANG_WARN_NON_LITERAL_NULL_CONVERSION = YES;
				CLANG_WARN_OBJC_IMPLICIT_RETAIN_SELF = YES;
				CLANG_WARN_OBJC_LITERAL_CONVERSION = YES;
				CLANG_WARN_OBJC_ROOT_CLASS = YES_ERROR;
				CLANG_WARN_QUOTED_INCLUDE_IN_FRAMEWORK_HEADER = YES;
				CLANG_WARN_RANGE_LOOP_ANALYSIS = YES;
				CLANG_WARN_STRICT_PROTOTYPES = YES;
				CLANG_WARN_SUSPICIOUS_MOVE = YES;
				CLANG_WARN_UNGUARDED_AVAILABILITY = YES_AGGRESSIVE;
				CLANG_WARN_UNREACHABLE_CODE = YES;
				CLANG_WARN__DUPLICATE_METHOD_MATCH = YES;
				COPY_PHASE_STRIP = NO;
				DEBUG_INFORMATION_FORMAT = dwarf;
				ENABLE_STRICT_OBJC_MSGSEND = YES;
				ENABLE_TESTABILITY = YES;
				GCC_C_LANGUAGE_STANDARD = gnu11;
				GCC_DYNAMIC_NO_PIC = NO;
				GCC_NO_COMMON_BLOCKS = YES;
				GCC_OPTIMIZATION_LEVEL = 0;
				GCC_PREPROCESSOR_DEFINITIONS = (
					"DEBUG=1",
					"$(inherited)",
				);
				GCC_WARN_64_TO_32_BIT_CONVERSION = YES;
				GCC_WARN_ABOUT_RETURN_TYPE = YES_ERROR;
				GCC_WARN_UNDECLARED_SELECTOR = YES;
				GCC_WARN_UNINITIALIZED_AUTOS = YES_AGGRESSIVE;
				GCC_WARN_UNUSED_FUNCTION = YES;
				GCC_WARN_UNUSED_VARIABLE = YES;
				IPHONEOS_DEPLOYMENT_TARGET = 14.5;
				MTL_ENABLE_DEBUG_INFO = INCLUDE_SOURCE;
				MTL_FAST_MATH = YES;
				ONLY_ACTIVE_ARCH = YES;
				SDKROOT = iphoneos;
				SWIFT_ACTIVE_COMPILATION_CONDITIONS = DEBUG;
				SWIFT_OPTIMIZATION_LEVEL = "-Onone";
			};
			name = Debug;
		};
		A27E689126BD6DFA0045AD1D /* Release */ = {
			isa = XCBuildConfiguration;
			buildSettings = {
				ALWAYS_SEARCH_USER_PATHS = NO;
				CLANG_ANALYZER_NONNULL = YES;
				CLANG_ANALYZER_NUMBER_OBJECT_CONVERSION = YES_AGGRESSIVE;
				CLANG_CXX_LANGUAGE_STANDARD = "gnu++14";
				CLANG_CXX_LIBRARY = "libc++";
				CLANG_ENABLE_MODULES = YES;
				CLANG_ENABLE_OBJC_ARC = YES;
				CLANG_ENABLE_OBJC_WEAK = YES;
				CLANG_WARN_BLOCK_CAPTURE_AUTORELEASING = YES;
				CLANG_WARN_BOOL_CONVERSION = YES;
				CLANG_WARN_COMMA = YES;
				CLANG_WARN_CONSTANT_CONVERSION = YES;
				CLANG_WARN_DEPRECATED_OBJC_IMPLEMENTATIONS = YES;
				CLANG_WARN_DIRECT_OBJC_ISA_USAGE = YES_ERROR;
				CLANG_WARN_DOCUMENTATION_COMMENTS = YES;
				CLANG_WARN_EMPTY_BODY = YES;
				CLANG_WARN_ENUM_CONVERSION = YES;
				CLANG_WARN_INFINITE_RECURSION = YES;
				CLANG_WARN_INT_CONVERSION = YES;
				CLANG_WARN_NON_LITERAL_NULL_CONVERSION = YES;
				CLANG_WARN_OBJC_IMPLICIT_RETAIN_SELF = YES;
				CLANG_WARN_OBJC_LITERAL_CONVERSION = YES;
				CLANG_WARN_OBJC_ROOT_CLASS = YES_ERROR;
				CLANG_WARN_QUOTED_INCLUDE_IN_FRAMEWORK_HEADER = YES;
				CLANG_WARN_RANGE_LOOP_ANALYSIS = YES;
				CLANG_WARN_STRICT_PROTOTYPES = YES;
				CLANG_WARN_SUSPICIOUS_MOVE = YES;
				CLANG_WARN_UNGUARDED_AVAILABILITY = YES_AGGRESSIVE;
				CLANG_WARN_UNREACHABLE_CODE = YES;
				CLANG_WARN__DUPLICATE_METHOD_MATCH = YES;
				COPY_PHASE_STRIP = NO;
				DEBUG_INFORMATION_FORMAT = "dwarf-with-dsym";
				ENABLE_NS_ASSERTIONS = NO;
				ENABLE_STRICT_OBJC_MSGSEND = YES;
				GCC_C_LANGUAGE_STANDARD = gnu11;
				GCC_NO_COMMON_BLOCKS = YES;
				GCC_WARN_64_TO_32_BIT_CONVERSION = YES;
				GCC_WARN_ABOUT_RETURN_TYPE = YES_ERROR;
				GCC_WARN_UNDECLARED_SELECTOR = YES;
				GCC_WARN_UNINITIALIZED_AUTOS = YES_AGGRESSIVE;
				GCC_WARN_UNUSED_FUNCTION = YES;
				GCC_WARN_UNUSED_VARIABLE = YES;
				IPHONEOS_DEPLOYMENT_TARGET = 14.5;
				MTL_ENABLE_DEBUG_INFO = NO;
				MTL_FAST_MATH = YES;
				SDKROOT = iphoneos;
				SWIFT_COMPILATION_MODE = wholemodule;
				SWIFT_OPTIMIZATION_LEVEL = "-O";
				VALIDATE_PRODUCT = YES;
			};
			name = Release;
		};
		A27E689326BD6DFA0045AD1D /* Debug */ = {
			isa = XCBuildConfiguration;
			buildSettings = {
				ASSETCATALOG_COMPILER_APPICON_NAME = AppIcon;
				ASSETCATALOG_COMPILER_GLOBAL_ACCENT_COLOR_NAME = AccentColor;
				CODE_SIGN_STYLE = Automatic;
				DEVELOPMENT_ASSET_PATHS = "\"SpotifySearch/Preview Content\"";
				DEVELOPMENT_TEAM = RUAEK37SR9;
				ENABLE_PREVIEWS = YES;
				FRAMEWORK_SEARCH_PATHS = (
					"$(inherited)",
					"$(PROJECT_DIR)/SpotifySearch",
				);
				INFOPLIST_FILE = SpotifySearch/Info.plist;
				IPHONEOS_DEPLOYMENT_TARGET = 14.0;
				LD_RUNPATH_SEARCH_PATHS = (
					"$(inherited)",
					"@executable_path/Frameworks",
				);
				PRODUCT_BUNDLE_IDENTIFIER = com.Lenx.SpotifySearch;
				PRODUCT_NAME = "$(TARGET_NAME)";
				SWIFT_OBJC_BRIDGING_HEADER = "SpotifySearch/SpotifySearch-Bridging-Header.h";
				SWIFT_VERSION = 5.0;
				TARGETED_DEVICE_FAMILY = "1,2";
			};
			name = Debug;
		};
		A27E689426BD6DFA0045AD1D /* Release */ = {
			isa = XCBuildConfiguration;
			buildSettings = {
				ASSETCATALOG_COMPILER_APPICON_NAME = AppIcon;
				ASSETCATALOG_COMPILER_GLOBAL_ACCENT_COLOR_NAME = AccentColor;
				CODE_SIGN_STYLE = Automatic;
				DEVELOPMENT_ASSET_PATHS = "\"SpotifySearch/Preview Content\"";
				DEVELOPMENT_TEAM = RUAEK37SR9;
				ENABLE_PREVIEWS = YES;
				FRAMEWORK_SEARCH_PATHS = (
					"$(inherited)",
					"$(PROJECT_DIR)/SpotifySearch",
				);
				INFOPLIST_FILE = SpotifySearch/Info.plist;
				IPHONEOS_DEPLOYMENT_TARGET = 14.0;
				LD_RUNPATH_SEARCH_PATHS = (
					"$(inherited)",
					"@executable_path/Frameworks",
				);
				PRODUCT_BUNDLE_IDENTIFIER = com.Lenx.SpotifySearch;
				PRODUCT_NAME = "$(TARGET_NAME)";
				SWIFT_OBJC_BRIDGING_HEADER = "SpotifySearch/SpotifySearch-Bridging-Header.h";
				SWIFT_VERSION = 5.0;
				TARGETED_DEVICE_FAMILY = "1,2";
			};
			name = Release;
		};
		A27E689626BD6DFA0045AD1D /* Debug */ = {
			isa = XCBuildConfiguration;
			buildSettings = {
				ALWAYS_EMBED_SWIFT_STANDARD_LIBRARIES = YES;
				BUNDLE_LOADER = "$(TEST_HOST)";
				CODE_SIGN_STYLE = Automatic;
				DEVELOPMENT_TEAM = RUAEK37SR9;
				INFOPLIST_FILE = SpotifySearchTests/Info.plist;
				IPHONEOS_DEPLOYMENT_TARGET = 14.0;
				LD_RUNPATH_SEARCH_PATHS = (
					"$(inherited)",
					"@executable_path/Frameworks",
					"@loader_path/Frameworks",
				);
				PRODUCT_BUNDLE_IDENTIFIER = Lenx.SpotifySearchTests;
				PRODUCT_NAME = "$(TARGET_NAME)";
				SWIFT_VERSION = 5.0;
				TARGETED_DEVICE_FAMILY = "1,2";
				TEST_HOST = "$(BUILT_PRODUCTS_DIR)/SpotifySearch.app/SpotifySearch";
			};
			name = Debug;
		};
		A27E689726BD6DFA0045AD1D /* Release */ = {
			isa = XCBuildConfiguration;
			buildSettings = {
				ALWAYS_EMBED_SWIFT_STANDARD_LIBRARIES = YES;
				BUNDLE_LOADER = "$(TEST_HOST)";
				CODE_SIGN_STYLE = Automatic;
				DEVELOPMENT_TEAM = RUAEK37SR9;
				INFOPLIST_FILE = SpotifySearchTests/Info.plist;
				IPHONEOS_DEPLOYMENT_TARGET = 14.0;
				LD_RUNPATH_SEARCH_PATHS = (
					"$(inherited)",
					"@executable_path/Frameworks",
					"@loader_path/Frameworks",
				);
				PRODUCT_BUNDLE_IDENTIFIER = Lenx.SpotifySearchTests;
				PRODUCT_NAME = "$(TARGET_NAME)";
				SWIFT_VERSION = 5.0;
				TARGETED_DEVICE_FAMILY = "1,2";
				TEST_HOST = "$(BUILT_PRODUCTS_DIR)/SpotifySearch.app/SpotifySearch";
			};
			name = Release;
		};
		A27E689926BD6DFA0045AD1D /* Debug */ = {
			isa = XCBuildConfiguration;
			buildSettings = {
				ALWAYS_EMBED_SWIFT_STANDARD_LIBRARIES = YES;
				CODE_SIGN_STYLE = Automatic;
				DEVELOPMENT_TEAM = RUAEK37SR9;
				INFOPLIST_FILE = SpotifySearchUITests/Info.plist;
				LD_RUNPATH_SEARCH_PATHS = (
					"$(inherited)",
					"@executable_path/Frameworks",
					"@loader_path/Frameworks",
				);
				PRODUCT_BUNDLE_IDENTIFIER = Lenx.SpotifySearchUITests;
				PRODUCT_NAME = "$(TARGET_NAME)";
				SWIFT_VERSION = 5.0;
				TARGETED_DEVICE_FAMILY = "1,2";
				TEST_TARGET_NAME = SpotifySearch;
			};
			name = Debug;
		};
		A27E689A26BD6DFA0045AD1D /* Release */ = {
			isa = XCBuildConfiguration;
			buildSettings = {
				ALWAYS_EMBED_SWIFT_STANDARD_LIBRARIES = YES;
				CODE_SIGN_STYLE = Automatic;
				DEVELOPMENT_TEAM = RUAEK37SR9;
				INFOPLIST_FILE = SpotifySearchUITests/Info.plist;
				LD_RUNPATH_SEARCH_PATHS = (
					"$(inherited)",
					"@executable_path/Frameworks",
					"@loader_path/Frameworks",
				);
				PRODUCT_BUNDLE_IDENTIFIER = Lenx.SpotifySearchUITests;
				PRODUCT_NAME = "$(TARGET_NAME)";
				SWIFT_VERSION = 5.0;
				TARGETED_DEVICE_FAMILY = "1,2";
				TEST_TARGET_NAME = SpotifySearch;
			};
			name = Release;
		};
/* End XCBuildConfiguration section */

/* Begin XCConfigurationList section */
		A27E686826BD6DF50045AD1D /* Build configuration list for PBXProject "SpotifySearch" */ = {
			isa = XCConfigurationList;
			buildConfigurations = (
				A27E689026BD6DFA0045AD1D /* Debug */,
				A27E689126BD6DFA0045AD1D /* Release */,
			);
			defaultConfigurationIsVisible = 0;
			defaultConfigurationName = Release;
		};
		A27E689226BD6DFA0045AD1D /* Build configuration list for PBXNativeTarget "SpotifySearch" */ = {
			isa = XCConfigurationList;
			buildConfigurations = (
				A27E689326BD6DFA0045AD1D /* Debug */,
				A27E689426BD6DFA0045AD1D /* Release */,
			);
			defaultConfigurationIsVisible = 0;
			defaultConfigurationName = Release;
		};
		A27E689526BD6DFA0045AD1D /* Build configuration list for PBXNativeTarget "SpotifySearchTests" */ = {
			isa = XCConfigurationList;
			buildConfigurations = (
				A27E689626BD6DFA0045AD1D /* Debug */,
				A27E689726BD6DFA0045AD1D /* Release */,
			);
			defaultConfigurationIsVisible = 0;
			defaultConfigurationName = Release;
		};
		A27E689826BD6DFA0045AD1D /* Build configuration list for PBXNativeTarget "SpotifySearchUITests" */ = {
			isa = XCConfigurationList;
			buildConfigurations = (
				A27E689926BD6DFA0045AD1D /* Debug */,
				A27E689A26BD6DFA0045AD1D /* Release */,
			);
			defaultConfigurationIsVisible = 0;
			defaultConfigurationName = Release;
		};
/* End XCConfigurationList section */
	};
	rootObject = A27E686526BD6DF50045AD1D /* Project object */;
}
